Microsoft Visual Studio Solution File, Format Version 12.00
# Visual Studio Version 17
VisualStudioVersion = 17.5.2.0
MinimumVisualStudioVersion = 10.0.40219.1
Project("{FAE04EC0-301F-11D3-BF4B-00C04F79EFBC}") = "s17wpf", "s17wpf.csproj", "{58A56985-43D3-7E75-EC9C-20B06B1544E8}"
EndProject
Global
	GlobalSection(SolutionConfigurationPlatforms) = preSolution
		Debug|Any CPU = Debug|Any CPU
		Release|Any CPU = Release|Any CPU
	EndGlobalSection
	GlobalSection(ProjectConfigurationPlatforms) = postSolution
		{58A56985-43D3-7E75-EC9C-20B06B1544E8}.Debug|Any CPU.ActiveCfg = Debug|Any CPU
		{58A56985-43D3-7E75-EC9C-20B06B1544E8}.Debug|Any CPU.Build.0 = Debug|Any CPU
		{58A56985-43D3-7E75-EC9C-20B06B1544E8}.Release|Any CPU.ActiveCfg = Release|Any CPU
		{58A56985-43D3-7E75-EC9C-20B06B1544E8}.Release|Any CPU.Build.0 = Release|Any CPU
	EndGlobalSection
	GlobalSection(SolutionProperties) = preSolution
		HideSolutionNode = FALSE
	EndGlobalSection
	GlobalSection(ExtensibilityGlobals) = postSolution
		SolutionGuid = {2BE8992F-963C-437B-BDFD-E5F2DE6EB5ED}
	EndGlobalSection
EndGlobal
