Microsoft Visual Studio Solution File, Format Version 12.00
# Visual Studio Version 17
VisualStudioVersion = 17.5.2.0
MinimumVisualStudioVersion = 10.0.40219.1
Project("{FAE04EC0-301F-11D3-BF4B-00C04F79EFBC}") = "s1con2", "s1con2.csproj", "{CE376531-1B55-ADD0-EEEE-A4C7E3BAD0D5}"
EndProject
Global
	GlobalSection(SolutionConfigurationPlatforms) = preSolution
		Debug|Any CPU = Debug|Any CPU
		Release|Any CPU = Release|Any CPU
	EndGlobalSection
	GlobalSection(ProjectConfigurationPlatforms) = postSolution
		{CE376531-1B55-ADD0-EEEE-A4C7E3BAD0D5}.Debug|Any CPU.ActiveCfg = Debug|Any CPU
		{CE376531-1B55-ADD0-EEEE-A4C7E3BAD0D5}.Debug|Any CPU.Build.0 = Debug|Any CPU
		{CE376531-1B55-ADD0-EEEE-A4C7E3BAD0D5}.Release|Any CPU.ActiveCfg = Release|Any CPU
		{CE376531-1B55-ADD0-EEEE-A4C7E3BAD0D5}.Release|Any CPU.Build.0 = Release|Any CPU
	EndGlobalSection
	GlobalSection(SolutionProperties) = preSolution
		HideSolutionNode = FALSE
	EndGlobalSection
	GlobalSection(ExtensibilityGlobals) = postSolution
		SolutionGuid = {18899609-6A6D-448B-BB27-2321B8D1772D}
	EndGlobalSection
EndGlobal
