Microsoft Visual Studio Solution File, Format Version 12.00
# Visual Studio Version 17
VisualStudioVersion = 17.5.2.0
MinimumVisualStudioVersion = 10.0.40219.1
Project("{FAE04EC0-301F-11D3-BF4B-00C04F79EFBC}") = "s17con", "s17con.csproj", "{3B4EE907-C904-825C-E510-4B41B23FF0F6}"
EndProject
Global
	GlobalSection(SolutionConfigurationPlatforms) = preSolution
		Debug|Any CPU = Debug|Any CPU
		Release|Any CPU = Release|Any CPU
	EndGlobalSection
	GlobalSection(ProjectConfigurationPlatforms) = postSolution
		{3B4EE907-C904-825C-E510-4B41B23FF0F6}.Debug|Any CPU.ActiveCfg = Debug|Any CPU
		{3B4EE907-C904-825C-E510-4B41B23FF0F6}.Debug|Any CPU.Build.0 = Debug|Any CPU
		{3B4EE907-C904-825C-E510-4B41B23FF0F6}.Release|Any CPU.ActiveCfg = Release|Any CPU
		{3B4EE907-C904-825C-E510-4B41B23FF0F6}.Release|Any CPU.Build.0 = Release|Any CPU
	EndGlobalSection
	GlobalSection(SolutionProperties) = preSolution
		HideSolutionNode = FALSE
	EndGlobalSection
	GlobalSection(ExtensibilityGlobals) = postSolution
		SolutionGuid = {755A31F8-DF43-40CD-A990-7692B15E0426}
	EndGlobalSection
EndGlobal
