Microsoft Visual Studio Solution File, Format Version 12.00
# Visual Studio Version 17
VisualStudioVersion = 17.5.2.0
MinimumVisualStudioVersion = 10.0.40219.1
Project("{FAE04EC0-301F-11D3-BF4B-00C04F79EFBC}") = "S5con", "S5con\S5con.csproj", "{37AF3CEF-DD96-477C-CAEA-F69D369D5B05}"
EndProject
Global
	GlobalSection(SolutionConfigurationPlatforms) = preSolution
		Debug|Any CPU = Debug|Any CPU
		Release|Any CPU = Release|Any CPU
	EndGlobalSection
	GlobalSection(ProjectConfigurationPlatforms) = postSolution
		{37AF3CEF-DD96-477C-CAEA-F69D369D5B05}.Debug|Any CPU.ActiveCfg = Debug|Any CPU
		{37AF3CEF-DD96-477C-CAEA-F69D369D5B05}.Debug|Any CPU.Build.0 = Debug|Any CPU
		{37AF3CEF-DD96-477C-CAEA-F69D369D5B05}.Release|Any CPU.ActiveCfg = Release|Any CPU
		{37AF3CEF-DD96-477C-CAEA-F69D369D5B05}.Release|Any CPU.Build.0 = Release|Any CPU
	EndGlobalSection
	GlobalSection(SolutionProperties) = preSolution
		HideSolutionNode = FALSE
	EndGlobalSection
	GlobalSection(ExtensibilityGlobals) = postSolution
		SolutionGuid = {3D97D1BB-17A2-456F-A448-72E293A561FF}
	EndGlobalSection
EndGlobal
