
Microsoft Visual Studio Solution File, Format Version 12.00
# Visual Studio Version 17
VisualStudioVersion = 17.0.31903.59
MinimumVisualStudioVersion = 10.0.40219.1
Project("{FAE04EC0-301F-11D3-BF4B-00C04F79EFBC}") = "S4con", "S4con\S4con.csproj", "{C0B20830-DF46-4231-8592-F66A8AD65A01}"
EndProject
Project("{FAE04EC0-301F-11D3-BF4B-00C04F79EFBC}") = "S4con.Test", "S4con.Test\S4con.Test.csproj", "{B047EA9A-DA68-439E-8E80-6A518A32B405}"
EndProject
Global
	GlobalSection(SolutionConfigurationPlatforms) = preSolution
		Debug|Any CPU = Debug|Any CPU
		Release|Any CPU = Release|Any CPU
	EndGlobalSection
	GlobalSection(SolutionProperties) = preSolution
		HideSolutionNode = FALSE
	EndGlobalSection
	GlobalSection(ProjectConfigurationPlatforms) = postSolution
		{C0B20830-DF46-4231-8592-F66A8AD65A01}.Debug|Any CPU.ActiveCfg = Debug|Any CPU
		{C0B20830-DF46-4231-8592-F66A8AD65A01}.Debug|Any CPU.Build.0 = Debug|Any CPU
		{C0B20830-DF46-4231-8592-F66A8AD65A01}.Release|Any CPU.ActiveCfg = Release|Any CPU
		{C0B20830-DF46-4231-8592-F66A8AD65A01}.Release|Any CPU.Build.0 = Release|Any CPU
		{B047EA9A-DA68-439E-8E80-6A518A32B405}.Debug|Any CPU.ActiveCfg = Debug|Any CPU
		{B047EA9A-DA68-439E-8E80-6A518A32B405}.Debug|Any CPU.Build.0 = Debug|Any CPU
		{B047EA9A-DA68-439E-8E80-6A518A32B405}.Release|Any CPU.ActiveCfg = Release|Any CPU
		{B047EA9A-DA68-439E-8E80-6A518A32B405}.Release|Any CPU.Build.0 = Release|Any CPU
	EndGlobalSection
EndGlobal
