Microsoft Visual Studio Solution File, Format Version 12.00
# Visual Studio Version 17
VisualStudioVersion = 17.5.2.0
MinimumVisualStudioVersion = 10.0.40219.1
Project("{FAE04EC0-301F-11D3-BF4B-00C04F79EFBC}") = "s10con", "s10con\s10con.csproj", "{A78F2905-11C6-9CF6-A7DD-B8623A687C6E}"
EndProject
Global
	GlobalSection(SolutionConfigurationPlatforms) = preSolution
		Debug|Any CPU = Debug|Any CPU
		Release|Any CPU = Release|Any CPU
	EndGlobalSection
	GlobalSection(ProjectConfigurationPlatforms) = postSolution
		{A78F2905-11C6-9CF6-A7DD-B8623A687C6E}.Debug|Any CPU.ActiveCfg = Debug|Any CPU
		{A78F2905-11C6-9CF6-A7DD-B8623A687C6E}.Debug|Any CPU.Build.0 = Debug|Any CPU
		{A78F2905-11C6-9CF6-A7DD-B8623A687C6E}.Release|Any CPU.ActiveCfg = Release|Any CPU
		{A78F2905-11C6-9CF6-A7DD-B8623A687C6E}.Release|Any CPU.Build.0 = Release|Any CPU
	EndGlobalSection
	GlobalSection(SolutionProperties) = preSolution
		HideSolutionNode = FALSE
	EndGlobalSection
	GlobalSection(ExtensibilityGlobals) = postSolution
		SolutionGuid = {62709C04-41A5-436A-AFB5-D5A34EBC2C86}
	EndGlobalSection
EndGlobal
